// !$*UTF8*$!
{
	archiveVersion = 1;
	classes = {
	};
	objectVersion = 48;
	objects = {

/* Begin PBXBuildFile section */
		30115AF21F8436310042D614 /* AppDelegate.swift in Sources */ = {isa = PBXBuildFile; fileRef = 30115AF11F8436310042D614 /* AppDelegate.swift */; };
		30115AF41F8436310042D614 /* ViewController.swift in Sources */ = {isa = PBXBuildFile; fileRef = 30115AF31F8436310042D614 /* ViewController.swift */; };
		30115AF71F8436310042D614 /* Main.storyboard in Resources */ = {isa = PBXBuildFile; fileRef = 30115AF51F8436310042D614 /* Main.storyboard */; };
		30115AF91F8436310042D614 /* Assets.xcassets in Resources */ = {isa = PBXBuildFile; fileRef = 30115AF81F8436310042D614 /* Assets.xcassets */; };
		30115AFC1F8436310042D614 /* LaunchScreen.storyboard in Resources */ = {isa = PBXBuildFile; fileRef = 30115AFA1F8436310042D614 /* LaunchScreen.storyboard */; };
		30115B121F84364A0042D614 /* info in Resources */ = {isa = PBXBuildFile; fileRef = 30115B111F84364A0042D614 /* info */; };
		30115B141F8438A50042D614 /* AppCoordinator.swift in Sources */ = {isa = PBXBuildFile; fileRef = 30115B131F8438A50042D614 /* AppCoordinator.swift */; };
		30115B171F8438C20042D614 /* ViewControllerFactory.swift in Sources */ = {isa = PBXBuildFile; fileRef = 30115B161F8438C20042D614 /* ViewControllerFactory.swift */; };
		303AFCE51F8990D90068018E /* AssetCollectionViewControllerTests.swift in Sources */ = {isa = PBXBuildFile; fileRef = 303AFCE41F8990D90068018E /* AssetCollectionViewControllerTests.swift */; };
		303AFCE71F8991770068018E /* CollectionViewConfigurable.swift in Sources */ = {isa = PBXBuildFile; fileRef = 303AFCE61F8991770068018E /* CollectionViewConfigurable.swift */; };
		303AFCE91F8996C00068018E /* BackendServiceFactory.swift in Sources */ = {isa = PBXBuildFile; fileRef = 303AFCE81F8996C00068018E /* BackendServiceFactory.swift */; };
		303AFCFF1F8B22550068018E /* StubAssetDataLoader.swift in Sources */ = {isa = PBXBuildFile; fileRef = 303AFCFE1F8B22550068018E /* StubAssetDataLoader.swift */; };
		303AFD011F8B23FB0068018E /* DataLoaderFactory.swift in Sources */ = {isa = PBXBuildFile; fileRef = 303AFD001F8B23FB0068018E /* DataLoaderFactory.swift */; };
		303AFD031F8B2BE50068018E /* AdobeAnalyticsReporter.swift in Sources */ = {isa = PBXBuildFile; fileRef = 303AFD021F8B2BE50068018E /* AdobeAnalyticsReporter.swift */; };
		303E94201F90D86F00AB92C9 /* StubBackendServiceFactory.swift in Sources */ = {isa = PBXBuildFile; fileRef = 303E941F1F90D86F00AB92C9 /* StubBackendServiceFactory.swift */; };
		3066DD901F90AF1E002A70D7 /* AppCoordinatorTests.swift in Sources */ = {isa = PBXBuildFile; fileRef = 3066DD8F1F90AF1E002A70D7 /* AppCoordinatorTests.swift */; };
		3070C5371F8EBEF400F97C17 /* AppDispatching.swift in Sources */ = {isa = PBXBuildFile; fileRef = 3070C5361F8EBEF400F97C17 /* AppDispatching.swift */; };
		3070C5391F8EBFCB00F97C17 /* FakeAppDispatcher.swift in Sources */ = {isa = PBXBuildFile; fileRef = 3070C5381F8EBFCB00F97C17 /* FakeAppDispatcher.swift */; };
		3070C5411F8EC92E00F97C17 /* ExampleUITests.swift in Sources */ = {isa = PBXBuildFile; fileRef = 3070C5401F8EC92E00F97C17 /* ExampleUITests.swift */; };
		3070C54A1F8ECA1900F97C17 /* UITestCase.swift in Sources */ = {isa = PBXBuildFile; fileRef = 3070C5491F8ECA1900F97C17 /* UITestCase.swift */; };
		3070C54E1F8ECA7500F97C17 /* ScreenObjectModel.swift in Sources */ = {isa = PBXBuildFile; fileRef = 3070C54D1F8ECA7500F97C17 /* ScreenObjectModel.swift */; };
		3070C5511F8ECB7B00F97C17 /* AssetCollectionScreenObjectModel.swift in Sources */ = {isa = PBXBuildFile; fileRef = 3070C5501F8ECB7B00F97C17 /* AssetCollectionScreenObjectModel.swift */; };
		3070C5531F8ECD9500F97C17 /* AccessibilityIdentifiers.swift in Sources */ = {isa = PBXBuildFile; fileRef = 3070C5521F8ECD9500F97C17 /* AccessibilityIdentifiers.swift */; };
		3070C5541F8ECDBC00F97C17 /* AccessibilityIdentifiers.swift in Sources */ = {isa = PBXBuildFile; fileRef = 3070C5521F8ECD9500F97C17 /* AccessibilityIdentifiers.swift */; };
		308179101F84EAA6001F44FD /* AssetCollectionViewController.swift in Sources */ = {isa = PBXBuildFile; fileRef = 3081790E1F84EAA6001F44FD /* AssetCollectionViewController.swift */; };
		308179111F84EAA6001F44FD /* AssetCollectionViewController.xib in Resources */ = {isa = PBXBuildFile; fileRef = 3081790F1F84EAA6001F44FD /* AssetCollectionViewController.xib */; };
		308179131F84EE8F001F44FD /* DataLoader.swift in Sources */ = {isa = PBXBuildFile; fileRef = 308179121F84EE8F001F44FD /* DataLoader.swift */; };
		308179151F84EF2B001F44FD /* AssetDataLoader.swift in Sources */ = {isa = PBXBuildFile; fileRef = 308179141F84EF2B001F44FD /* AssetDataLoader.swift */; };
		308179191F84EFDD001F44FD /* AssetCollectionPresenter.swift in Sources */ = {isa = PBXBuildFile; fileRef = 308179181F84EFDD001F44FD /* AssetCollectionPresenter.swift */; };
		3081791B1F84F300001F44FD /* movies.json in Resources */ = {isa = PBXBuildFile; fileRef = 3081791A1F84F300001F44FD /* movies.json */; };
		3081791D1F84F3DC001F44FD /* AssetDataModel.swift in Sources */ = {isa = PBXBuildFile; fileRef = 3081791C1F84F3DC001F44FD /* AssetDataModel.swift */; };
		308179211F84F979001F44FD /* CollectionRowSections.swift in Sources */ = {isa = PBXBuildFile; fileRef = 308179201F84F979001F44FD /* CollectionRowSections.swift */; };
		308179231F84F9AE001F44FD /* CollectionViewDataSource.swift in Sources */ = {isa = PBXBuildFile; fileRef = 308179221F84F9AE001F44FD /* CollectionViewDataSource.swift */; };
		308179251F84F9DF001F44FD /* Array+Safe.swift in Sources */ = {isa = PBXBuildFile; fileRef = 308179241F84F9DF001F44FD /* Array+Safe.swift */; };
		308179281F84FBCA001F44FD /* AssetCollectionViewCell.swift in Sources */ = {isa = PBXBuildFile; fileRef = 308179261F84FBCA001F44FD /* AssetCollectionViewCell.swift */; };
		308179291F84FBCA001F44FD /* AssetCollectionViewCell.xib in Resources */ = {isa = PBXBuildFile; fileRef = 308179271F84FBCA001F44FD /* AssetCollectionViewCell.xib */; };
		3081792C1F850DF7001F44FD /* AppActions.swift in Sources */ = {isa = PBXBuildFile; fileRef = 3081792B1F850DF7001F44FD /* AppActions.swift */; };
		30910C6D1F9012E700440731 /* AssetDetailsScreenObjectModel.swift in Sources */ = {isa = PBXBuildFile; fileRef = 30910C6C1F9012E700440731 /* AssetDetailsScreenObjectModel.swift */; };
		30910C701F90159900440731 /* AssetDetailsViewController.swift in Sources */ = {isa = PBXBuildFile; fileRef = 30910C6F1F90159900440731 /* AssetDetailsViewController.swift */; };
		30C954201F85DF97000ABE33 /* AnalyticsReporterFactory.swift in Sources */ = {isa = PBXBuildFile; fileRef = 30C9541F1F85DF97000ABE33 /* AnalyticsReporterFactory.swift */; };
		30C954221F85DFDC000ABE33 /* MovieCollectionReporter.swift in Sources */ = {isa = PBXBuildFile; fileRef = 30C954211F85DFDC000ABE33 /* MovieCollectionReporter.swift */; };
		30C954271F863466000ABE33 /* LoadingIndicator.swift in Sources */ = {isa = PBXBuildFile; fileRef = 30C954261F863466000ABE33 /* LoadingIndicator.swift */; };
		30C954291F8635E4000ABE33 /* InformationAlert.swift in Sources */ = {isa = PBXBuildFile; fileRef = 30C954281F8635E4000ABE33 /* InformationAlert.swift */; };
		30CD9EAF1F8DF97000C523A2 /* AssetCollectionPresenterTests.swift in Sources */ = {isa = PBXBuildFile; fileRef = 30CD9EAE1F8DF97000C523A2 /* AssetCollectionPresenterTests.swift */; };
		30E762171F8C220000864D07 /* StubConfigureCollectionView.swift in Sources */ = {isa = PBXBuildFile; fileRef = 30E762161F8C220000864D07 /* StubConfigureCollectionView.swift */; };
		30E762191F8C222100864D07 /* StubAdobeAnalyticsReporter.swift in Sources */ = {isa = PBXBuildFile; fileRef = 30E762181F8C222100864D07 /* StubAdobeAnalyticsReporter.swift */; };
		30E7621B1F8C223A00864D07 /* StubAssetCollectionPresenter.swift in Sources */ = {isa = PBXBuildFile; fileRef = 30E7621A1F8C223A00864D07 /* StubAssetCollectionPresenter.swift */; };
		30E7621D1F8C226000864D07 /* StubInformationAlert.swift in Sources */ = {isa = PBXBuildFile; fileRef = 30E7621C1F8C226000864D07 /* StubInformationAlert.swift */; };
		30E7621F1F8C228A00864D07 /* StubLoadingIndicator.swift in Sources */ = {isa = PBXBuildFile; fileRef = 30E7621E1F8C228A00864D07 /* StubLoadingIndicator.swift */; };
		4714E6A8967F041CB8CB5B96 /* Pods_ExampleTests.framework in Frameworks */ = {isa = PBXBuildFile; fileRef = 97B9A04E4AC0BB2AC9476CA0 /* Pods_ExampleTests.framework */; };
		4EB3F8DAFD0BA2D272B50B40 /* Pods_Example.framework in Frameworks */ = {isa = PBXBuildFile; fileRef = 7A7DC48CE847EA2393FD1246 /* Pods_Example.framework */; };
/* End PBXBuildFile section */

/* Begin PBXContainerItemProxy section */
		30115B031F8436310042D614 /* PBXContainerItemProxy */ = {
			isa = PBXContainerItemProxy;
			containerPortal = 30115AE61F8436310042D614 /* Project object */;
			proxyType = 1;
			remoteGlobalIDString = 30115AED1F8436310042D614;
			remoteInfo = Example;
		};
		3070C5431F8EC92E00F97C17 /* PBXContainerItemProxy */ = {
			isa = PBXContainerItemProxy;
			containerPortal = 30115AE61F8436310042D614 /* Project object */;
			proxyType = 1;
			remoteGlobalIDString = 30115AED1F8436310042D614;
			remoteInfo = Example;
		};
/* End PBXContainerItemProxy section */

/* Begin PBXFileReference section */
		02ACAAE5A3DEC85C08A15486 /* Pods-Example.testing.xcconfig */ = {isa = PBXFileReference; includeInIndex = 1; lastKnownFileType = text.xcconfig; name = "Pods-Example.testing.xcconfig"; path = "Pods/Target Support Files/Pods-Example/Pods-Example.testing.xcconfig"; sourceTree = "<group>"; };
		30115AEE1F8436310042D614 /* Example.app */ = {isa = PBXFileReference; explicitFileType = wrapper.application; includeInIndex = 0; path = Example.app; sourceTree = BUILT_PRODUCTS_DIR; };
		30115AF11F8436310042D614 /* AppDelegate.swift */ = {isa = PBXFileReference; lastKnownFileType = sourcecode.swift; path = AppDelegate.swift; sourceTree = "<group>"; };
		30115AF31F8436310042D614 /* ViewController.swift */ = {isa = PBXFileReference; lastKnownFileType = sourcecode.swift; path = ViewController.swift; sourceTree = "<group>"; };
		30115AF61F8436310042D614 /* Base */ = {isa = PBXFileReference; lastKnownFileType = file.storyboard; name = Base; path = Base.lproj/Main.storyboard; sourceTree = "<group>"; };
		30115AF81F8436310042D614 /* Assets.xcassets */ = {isa = PBXFileReference; lastKnownFileType = folder.assetcatalog; path = Assets.xcassets; sourceTree = "<group>"; };
		30115AFB1F8436310042D614 /* Base */ = {isa = PBXFileReference; lastKnownFileType = file.storyboard; name = Base; path = Base.lproj/LaunchScreen.storyboard; sourceTree = "<group>"; };
		30115AFD1F8436310042D614 /* Info.plist */ = {isa = PBXFileReference; lastKnownFileType = text.plist.xml; path = Info.plist; sourceTree = "<group>"; };
		30115B021F8436310042D614 /* ExampleTests.xctest */ = {isa = PBXFileReference; explicitFileType = wrapper.cfbundle; includeInIndex = 0; path = ExampleTests.xctest; sourceTree = BUILT_PRODUCTS_DIR; };
		30115B081F8436310042D614 /* Info.plist */ = {isa = PBXFileReference; lastKnownFileType = text.plist.xml; path = Info.plist; sourceTree = "<group>"; };
		30115B111F84364A0042D614 /* info */ = {isa = PBXFileReference; lastKnownFileType = text; path = info; sourceTree = "<group>"; };
		30115B131F8438A50042D614 /* AppCoordinator.swift */ = {isa = PBXFileReference; lastKnownFileType = sourcecode.swift; path = AppCoordinator.swift; sourceTree = "<group>"; };
		30115B161F8438C20042D614 /* ViewControllerFactory.swift */ = {isa = PBXFileReference; lastKnownFileType = sourcecode.swift; path = ViewControllerFactory.swift; sourceTree = "<group>"; };
		303AFCE41F8990D90068018E /* AssetCollectionViewControllerTests.swift */ = {isa = PBXFileReference; lastKnownFileType = sourcecode.swift; path = AssetCollectionViewControllerTests.swift; sourceTree = "<group>"; };
		303AFCE61F8991770068018E /* CollectionViewConfigurable.swift */ = {isa = PBXFileReference; lastKnownFileType = sourcecode.swift; path = CollectionViewConfigurable.swift; sourceTree = "<group>"; };
		303AFCE81F8996C00068018E /* BackendServiceFactory.swift */ = {isa = PBXFileReference; lastKnownFileType = sourcecode.swift; path = BackendServiceFactory.swift; sourceTree = "<group>"; };
		303AFCFE1F8B22550068018E /* StubAssetDataLoader.swift */ = {isa = PBXFileReference; lastKnownFileType = sourcecode.swift; path = StubAssetDataLoader.swift; sourceTree = "<group>"; };
		303AFD001F8B23FB0068018E /* DataLoaderFactory.swift */ = {isa = PBXFileReference; lastKnownFileType = sourcecode.swift; path = DataLoaderFactory.swift; sourceTree = "<group>"; };
		303AFD021F8B2BE50068018E /* AdobeAnalyticsReporter.swift */ = {isa = PBXFileReference; lastKnownFileType = sourcecode.swift; path = AdobeAnalyticsReporter.swift; sourceTree = "<group>"; };
		303E941F1F90D86F00AB92C9 /* StubBackendServiceFactory.swift */ = {isa = PBXFileReference; lastKnownFileType = sourcecode.swift; path = StubBackendServiceFactory.swift; sourceTree = "<group>"; };
		3066DD8F1F90AF1E002A70D7 /* AppCoordinatorTests.swift */ = {isa = PBXFileReference; lastKnownFileType = sourcecode.swift; path = AppCoordinatorTests.swift; sourceTree = "<group>"; };
		3070C5361F8EBEF400F97C17 /* AppDispatching.swift */ = {isa = PBXFileReference; lastKnownFileType = sourcecode.swift; path = AppDispatching.swift; sourceTree = "<group>"; };
		3070C5381F8EBFCB00F97C17 /* FakeAppDispatcher.swift */ = {isa = PBXFileReference; lastKnownFileType = sourcecode.swift; path = FakeAppDispatcher.swift; sourceTree = "<group>"; };
		3070C53E1F8EC92E00F97C17 /* ExampleUITests.xctest */ = {isa = PBXFileReference; explicitFileType = wrapper.cfbundle; includeInIndex = 0; path = ExampleUITests.xctest; sourceTree = BUILT_PRODUCTS_DIR; };
		3070C5401F8EC92E00F97C17 /* ExampleUITests.swift */ = {isa = PBXFileReference; lastKnownFileType = sourcecode.swift; path = ExampleUITests.swift; sourceTree = "<group>"; };
		3070C5421F8EC92E00F97C17 /* Info.plist */ = {isa = PBXFileReference; lastKnownFileType = text.plist.xml; path = Info.plist; sourceTree = "<group>"; };
		3070C5491F8ECA1900F97C17 /* UITestCase.swift */ = {isa = PBXFileReference; lastKnownFileType = sourcecode.swift; path = UITestCase.swift; sourceTree = "<group>"; };
		3070C54D1F8ECA7500F97C17 /* ScreenObjectModel.swift */ = {isa = PBXFileReference; lastKnownFileType = sourcecode.swift; path = ScreenObjectModel.swift; sourceTree = "<group>"; };
		3070C5501F8ECB7B00F97C17 /* AssetCollectionScreenObjectModel.swift */ = {isa = PBXFileReference; lastKnownFileType = sourcecode.swift; path = AssetCollectionScreenObjectModel.swift; sourceTree = "<group>"; };
		3070C5521F8ECD9500F97C17 /* AccessibilityIdentifiers.swift */ = {isa = PBXFileReference; lastKnownFileType = sourcecode.swift; path = AccessibilityIdentifiers.swift; sourceTree = "<group>"; };
		3081790E1F84EAA6001F44FD /* AssetCollectionViewController.swift */ = {isa = PBXFileReference; lastKnownFileType = sourcecode.swift; path = AssetCollectionViewController.swift; sourceTree = "<group>"; };
		3081790F1F84EAA6001F44FD /* AssetCollectionViewController.xib */ = {isa = PBXFileReference; lastKnownFileType = file.xib; path = AssetCollectionViewController.xib; sourceTree = "<group>"; };
		308179121F84EE8F001F44FD /* DataLoader.swift */ = {isa = PBXFileReference; lastKnownFileType = sourcecode.swift; path = DataLoader.swift; sourceTree = "<group>"; };
		308179141F84EF2B001F44FD /* AssetDataLoader.swift */ = {isa = PBXFileReference; lastKnownFileType = sourcecode.swift; path = AssetDataLoader.swift; sourceTree = "<group>"; };
		308179181F84EFDD001F44FD /* AssetCollectionPresenter.swift */ = {isa = PBXFileReference; lastKnownFileType = sourcecode.swift; path = AssetCollectionPresenter.swift; sourceTree = "<group>"; };
		3081791A1F84F300001F44FD /* movies.json */ = {isa = PBXFileReference; lastKnownFileType = text.json; path = movies.json; sourceTree = "<group>"; };
		3081791C1F84F3DC001F44FD /* AssetDataModel.swift */ = {isa = PBXFileReference; lastKnownFileType = sourcecode.swift; path = AssetDataModel.swift; sourceTree = "<group>"; };
		308179201F84F979001F44FD /* CollectionRowSections.swift */ = {isa = PBXFileReference; lastKnownFileType = sourcecode.swift; path = CollectionRowSections.swift; sourceTree = "<group>"; };
		308179221F84F9AE001F44FD /* CollectionViewDataSource.swift */ = {isa = PBXFileReference; lastKnownFileType = sourcecode.swift; path = CollectionViewDataSource.swift; sourceTree = "<group>"; };
		308179241F84F9DF001F44FD /* Array+Safe.swift */ = {isa = PBXFileReference; lastKnownFileType = sourcecode.swift; path = "Array+Safe.swift"; sourceTree = "<group>"; };
		308179261F84FBCA001F44FD /* AssetCollectionViewCell.swift */ = {isa = PBXFileReference; lastKnownFileType = sourcecode.swift; path = AssetCollectionViewCell.swift; sourceTree = "<group>"; };
		308179271F84FBCA001F44FD /* AssetCollectionViewCell.xib */ = {isa = PBXFileReference; lastKnownFileType = file.xib; path = AssetCollectionViewCell.xib; sourceTree = "<group>"; };
		3081792B1F850DF7001F44FD /* AppActions.swift */ = {isa = PBXFileReference; lastKnownFileType = sourcecode.swift; path = AppActions.swift; sourceTree = "<group>"; };
		30910C6C1F9012E700440731 /* AssetDetailsScreenObjectModel.swift */ = {isa = PBXFileReference; lastKnownFileType = sourcecode.swift; path = AssetDetailsScreenObjectModel.swift; sourceTree = "<group>"; };
		30910C6F1F90159900440731 /* AssetDetailsViewController.swift */ = {isa = PBXFileReference; lastKnownFileType = sourcecode.swift; path = AssetDetailsViewController.swift; sourceTree = "<group>"; };
		30C9541F1F85DF97000ABE33 /* AnalyticsReporterFactory.swift */ = {isa = PBXFileReference; lastKnownFileType = sourcecode.swift; path = AnalyticsReporterFactory.swift; sourceTree = "<group>"; };
		30C954211F85DFDC000ABE33 /* MovieCollectionReporter.swift */ = {isa = PBXFileReference; lastKnownFileType = sourcecode.swift; path = MovieCollectionReporter.swift; sourceTree = "<group>"; };
		30C954261F863466000ABE33 /* LoadingIndicator.swift */ = {isa = PBXFileReference; lastKnownFileType = sourcecode.swift; path = LoadingIndicator.swift; sourceTree = "<group>"; };
		30C954281F8635E4000ABE33 /* InformationAlert.swift */ = {isa = PBXFileReference; lastKnownFileType = sourcecode.swift; path = InformationAlert.swift; sourceTree = "<group>"; };
		30CD9EAE1F8DF97000C523A2 /* AssetCollectionPresenterTests.swift */ = {isa = PBXFileReference; fileEncoding = 4; lastKnownFileType = sourcecode.swift; path = AssetCollectionPresenterTests.swift; sourceTree = "<group>"; };
		30E762161F8C220000864D07 /* StubConfigureCollectionView.swift */ = {isa = PBXFileReference; lastKnownFileType = sourcecode.swift; path = StubConfigureCollectionView.swift; sourceTree = "<group>"; };
		30E762181F8C222100864D07 /* StubAdobeAnalyticsReporter.swift */ = {isa = PBXFileReference; lastKnownFileType = sourcecode.swift; path = StubAdobeAnalyticsReporter.swift; sourceTree = "<group>"; };
		30E7621A1F8C223A00864D07 /* StubAssetCollectionPresenter.swift */ = {isa = PBXFileReference; lastKnownFileType = sourcecode.swift; path = StubAssetCollectionPresenter.swift; sourceTree = "<group>"; };
		30E7621C1F8C226000864D07 /* StubInformationAlert.swift */ = {isa = PBXFileReference; lastKnownFileType = sourcecode.swift; path = StubInformationAlert.swift; sourceTree = "<group>"; };
		30E7621E1F8C228A00864D07 /* StubLoadingIndicator.swift */ = {isa = PBXFileReference; lastKnownFileType = sourcecode.swift; path = StubLoadingIndicator.swift; sourceTree = "<group>"; };
		66328599463B96ECFA56DBF6 /* Pods-Example.debug.xcconfig */ = {isa = PBXFileReference; includeInIndex = 1; lastKnownFileType = text.xcconfig; name = "Pods-Example.debug.xcconfig"; path = "Pods/Target Support Files/Pods-Example/Pods-Example.debug.xcconfig"; sourceTree = "<group>"; };
		7A7DC48CE847EA2393FD1246 /* Pods_Example.framework */ = {isa = PBXFileReference; explicitFileType = wrapper.framework; includeInIndex = 0; path = Pods_Example.framework; sourceTree = BUILT_PRODUCTS_DIR; };
		7D179CE1B45F2F6B630668B0 /* Pods-ExampleTests.debug.xcconfig */ = {isa = PBXFileReference; includeInIndex = 1; lastKnownFileType = text.xcconfig; name = "Pods-ExampleTests.debug.xcconfig"; path = "Pods/Target Support Files/Pods-ExampleTests/Pods-ExampleTests.debug.xcconfig"; sourceTree = "<group>"; };
		97B9A04E4AC0BB2AC9476CA0 /* Pods_ExampleTests.framework */ = {isa = PBXFileReference; explicitFileType = wrapper.framework; includeInIndex = 0; path = Pods_ExampleTests.framework; sourceTree = BUILT_PRODUCTS_DIR; };
		AE39489DBA95B6A15832B39B /* Pods-ExampleTests.release.xcconfig */ = {isa = PBXFileReference; includeInIndex = 1; lastKnownFileType = text.xcconfig; name = "Pods-ExampleTests.release.xcconfig"; path = "Pods/Target Support Files/Pods-ExampleTests/Pods-ExampleTests.release.xcconfig"; sourceTree = "<group>"; };
		B1799CD0EB825382A73F2D2E /* Pods-Example.release.xcconfig */ = {isa = PBXFileReference; includeInIndex = 1; lastKnownFileType = text.xcconfig; name = "Pods-Example.release.xcconfig"; path = "Pods/Target Support Files/Pods-Example/Pods-Example.release.xcconfig"; sourceTree = "<group>"; };
		D3A399E4C560D20F017AEB12 /* Pods-ExampleTests.testing.xcconfig */ = {isa = PBXFileReference; includeInIndex = 1; lastKnownFileType = text.xcconfig; name = "Pods-ExampleTests.testing.xcconfig"; path = "Pods/Target Support Files/Pods-ExampleTests/Pods-ExampleTests.testing.xcconfig"; sourceTree = "<group>"; };
/* End PBXFileReference section */

/* Begin PBXFrameworksBuildPhase section */
		30115AEB1F8436310042D614 /* Frameworks */ = {
			isa = PBXFrameworksBuildPhase;
			buildActionMask = 2147483647;
			files = (
				4EB3F8DAFD0BA2D272B50B40 /* Pods_Example.framework in Frameworks */,
			);
			runOnlyForDeploymentPostprocessing = 0;
		};
		30115AFF1F8436310042D614 /* Frameworks */ = {
			isa = PBXFrameworksBuildPhase;
			buildActionMask = 2147483647;
			files = (
				4714E6A8967F041CB8CB5B96 /* Pods_ExampleTests.framework in Frameworks */,
			);
			runOnlyForDeploymentPostprocessing = 0;
		};
		3070C53B1F8EC92E00F97C17 /* Frameworks */ = {
			isa = PBXFrameworksBuildPhase;
			buildActionMask = 2147483647;
			files = (
			);
			runOnlyForDeploymentPostprocessing = 0;
		};
/* End PBXFrameworksBuildPhase section */

/* Begin PBXGroup section */
		30115AE51F8436310042D614 = {
			isa = PBXGroup;
			children = (
				30115B111F84364A0042D614 /* info */,
				30115AF01F8436310042D614 /* Example */,
				30115B051F8436310042D614 /* ExampleTests */,
				3070C53F1F8EC92E00F97C17 /* ExampleUITests */,
				30115AEF1F8436310042D614 /* Products */,
				B9519B461B1EE0BBC7B9A19D /* Pods */,
				D4520D5B1B498EF61AB160E0 /* Frameworks */,
			);
			sourceTree = "<group>";
		};
		30115AEF1F8436310042D614 /* Products */ = {
			isa = PBXGroup;
			children = (
				30115AEE1F8436310042D614 /* Example.app */,
				30115B021F8436310042D614 /* ExampleTests.xctest */,
				3070C53E1F8EC92E00F97C17 /* ExampleUITests.xctest */,
			);
			name = Products;
			sourceTree = "<group>";
		};
		30115AF01F8436310042D614 /* Example */ = {
			isa = PBXGroup;
			children = (
				3081791F1F84F970001F44FD /* Utils */,
				30C9541E1F85DF81000ABE33 /* Analytics */,
				30115B151F8438AC0042D614 /* Router */,
				308179161F84EF73001F44FD /* Backend Service Kit */,
				3081790B1F84EA28001F44FD /* Show Asset Collection */,
				30910C6E1F90157700440731 /* Show Asset Details */,
				30115AF11F8436310042D614 /* AppDelegate.swift */,
				30115AF31F8436310042D614 /* ViewController.swift */,
				30115AF51F8436310042D614 /* Main.storyboard */,
				30115AF81F8436310042D614 /* Assets.xcassets */,
				30115AFA1F8436310042D614 /* LaunchScreen.storyboard */,
				30115AFD1F8436310042D614 /* Info.plist */,
			);
			path = Example;
			sourceTree = "<group>";
		};
		30115B051F8436310042D614 /* ExampleTests */ = {
			isa = PBXGroup;
			children = (
				303AFCFD1F8B223F0068018E /* Test Doubles */,
				303AFCDF1F8990240068018E /* Utils */,
				303AFCE01F89902A0068018E /* Analytics */,
				303AFCE11F8990880068018E /* Router */,
				303AFCDE1F8990180068018E /* iFlixKit */,
				303AFCE21F89909D0068018E /* Show Asset Collection */,
				30115B081F8436310042D614 /* Info.plist */,
			);
			path = ExampleTests;
			sourceTree = "<group>";
		};
		30115B151F8438AC0042D614 /* Router */ = {
			isa = PBXGroup;
			children = (
				30115B131F8438A50042D614 /* AppCoordinator.swift */,
				30115B161F8438C20042D614 /* ViewControllerFactory.swift */,
				3081792B1F850DF7001F44FD /* AppActions.swift */,
			);
			path = Router;
			sourceTree = "<group>";
		};
		303AFCDE1F8990180068018E /* iFlixKit */ = {
			isa = PBXGroup;
			children = (
			);
			path = iFlixKit;
			sourceTree = "<group>";
		};
		303AFCDF1F8990240068018E /* Utils */ = {
			isa = PBXGroup;
			children = (
			);
			path = Utils;
			sourceTree = "<group>";
		};
		303AFCE01F89902A0068018E /* Analytics */ = {
			isa = PBXGroup;
			children = (
			);
			path = Analytics;
			sourceTree = "<group>";
		};
		303AFCE11F8990880068018E /* Router */ = {
			isa = PBXGroup;
			children = (
				3066DD8F1F90AF1E002A70D7 /* AppCoordinatorTests.swift */,
			);
			path = Router;
			sourceTree = "<group>";
		};
		303AFCE21F89909D0068018E /* Show Asset Collection */ = {
			isa = PBXGroup;
			children = (
				30E762141F8C217D00864D07 /* View */,
				30E762151F8C218500864D07 /* Presenting */,
			);
			path = "Show Asset Collection";
			sourceTree = "<group>";
		};
		303AFCFD1F8B223F0068018E /* Test Doubles */ = {
			isa = PBXGroup;
			children = (
				303AFCFE1F8B22550068018E /* StubAssetDataLoader.swift */,
				30E762161F8C220000864D07 /* StubConfigureCollectionView.swift */,
				30E762181F8C222100864D07 /* StubAdobeAnalyticsReporter.swift */,
				30E7621A1F8C223A00864D07 /* StubAssetCollectionPresenter.swift */,
				30E7621C1F8C226000864D07 /* StubInformationAlert.swift */,
				30E7621E1F8C228A00864D07 /* StubLoadingIndicator.swift */,
				3070C5381F8EBFCB00F97C17 /* FakeAppDispatcher.swift */,
				303E941F1F90D86F00AB92C9 /* StubBackendServiceFactory.swift */,
			);
			path = "Test Doubles";
			sourceTree = "<group>";
		};
		3070C53F1F8EC92E00F97C17 /* ExampleUITests */ = {
			isa = PBXGroup;
			children = (
				3070C5481F8ECA0500F97C17 /* Utils */,
				3070C54F1F8ECB4B00F97C17 /* Screen Object Model */,
				3070C5401F8EC92E00F97C17 /* ExampleUITests.swift */,
				3070C5421F8EC92E00F97C17 /* Info.plist */,
			);
			path = ExampleUITests;
			sourceTree = "<group>";
		};
		3070C5481F8ECA0500F97C17 /* Utils */ = {
			isa = PBXGroup;
			children = (
				3070C5491F8ECA1900F97C17 /* UITestCase.swift */,
				3070C54D1F8ECA7500F97C17 /* ScreenObjectModel.swift */,
			);
			path = Utils;
			sourceTree = "<group>";
		};
		3070C54F1F8ECB4B00F97C17 /* Screen Object Model */ = {
			isa = PBXGroup;
			children = (
				3070C5501F8ECB7B00F97C17 /* AssetCollectionScreenObjectModel.swift */,
				30910C6C1F9012E700440731 /* AssetDetailsScreenObjectModel.swift */,
			);
			path = "Screen Object Model";
			sourceTree = "<group>";
		};
		3081790B1F84EA28001F44FD /* Show Asset Collection */ = {
			isa = PBXGroup;
			children = (
				30E762111F8C215400864D07 /* View */,
				30E762121F8C216500864D07 /* Presenting */,
			);
			path = "Show Asset Collection";
			sourceTree = "<group>";
		};
		308179161F84EF73001F44FD /* Backend Service Kit */ = {
			isa = PBXGroup;
			children = (
				3081791E1F84F6EC001F44FD /* Asset Loader */,
				308179121F84EE8F001F44FD /* DataLoader.swift */,
				303AFD001F8B23FB0068018E /* DataLoaderFactory.swift */,
				303AFCE81F8996C00068018E /* BackendServiceFactory.swift */,
			);
			path = "Backend Service Kit";
			sourceTree = "<group>";
		};
		3081791E1F84F6EC001F44FD /* Asset Loader */ = {
			isa = PBXGroup;
			children = (
				3081791C1F84F3DC001F44FD /* AssetDataModel.swift */,
				308179141F84EF2B001F44FD /* AssetDataLoader.swift */,
				3081791A1F84F300001F44FD /* movies.json */,
			);
			path = "Asset Loader";
			sourceTree = "<group>";
		};
		3081791F1F84F970001F44FD /* Utils */ = {
			isa = PBXGroup;
			children = (
				308179201F84F979001F44FD /* CollectionRowSections.swift */,
				308179221F84F9AE001F44FD /* CollectionViewDataSource.swift */,
				308179241F84F9DF001F44FD /* Array+Safe.swift */,
				30C954261F863466000ABE33 /* LoadingIndicator.swift */,
				30C954281F8635E4000ABE33 /* InformationAlert.swift */,
				303AFCE61F8991770068018E /* CollectionViewConfigurable.swift */,
				3070C5361F8EBEF400F97C17 /* AppDispatching.swift */,
				3070C5521F8ECD9500F97C17 /* AccessibilityIdentifiers.swift */,
			);
			path = Utils;
			sourceTree = "<group>";
		};
		30910C6E1F90157700440731 /* Show Asset Details */ = {
			isa = PBXGroup;
			children = (
				30910C6F1F90159900440731 /* AssetDetailsViewController.swift */,
			);
			path = "Show Asset Details";
			sourceTree = "<group>";
		};
		30C9541E1F85DF81000ABE33 /* Analytics */ = {
			isa = PBXGroup;
			children = (
				303AFD021F8B2BE50068018E /* AdobeAnalyticsReporter.swift */,
				30C9541F1F85DF97000ABE33 /* AnalyticsReporterFactory.swift */,
				30C954211F85DFDC000ABE33 /* MovieCollectionReporter.swift */,
			);
			path = Analytics;
			sourceTree = "<group>";
		};
		30E762111F8C215400864D07 /* View */ = {
			isa = PBXGroup;
			children = (
				3081790F1F84EAA6001F44FD /* AssetCollectionViewController.xib */,
				308179271F84FBCA001F44FD /* AssetCollectionViewCell.xib */,
				3081790E1F84EAA6001F44FD /* AssetCollectionViewController.swift */,
				308179261F84FBCA001F44FD /* AssetCollectionViewCell.swift */,
			);
			path = View;
			sourceTree = "<group>";
		};
		30E762121F8C216500864D07 /* Presenting */ = {
			isa = PBXGroup;
			children = (
				308179181F84EFDD001F44FD /* AssetCollectionPresenter.swift */,
			);
			path = Presenting;
			sourceTree = "<group>";
		};
		30E762141F8C217D00864D07 /* View */ = {
			isa = PBXGroup;
			children = (
				303AFCE41F8990D90068018E /* AssetCollectionViewControllerTests.swift */,
			);
			path = View;
			sourceTree = "<group>";
		};
		30E762151F8C218500864D07 /* Presenting */ = {
			isa = PBXGroup;
			children = (
				30CD9EAE1F8DF97000C523A2 /* AssetCollectionPresenterTests.swift */,
			);
			path = Presenting;
			sourceTree = "<group>";
		};
		B9519B461B1EE0BBC7B9A19D /* Pods */ = {
			isa = PBXGroup;
			children = (
				66328599463B96ECFA56DBF6 /* Pods-Example.debug.xcconfig */,
				B1799CD0EB825382A73F2D2E /* Pods-Example.release.xcconfig */,
				7D179CE1B45F2F6B630668B0 /* Pods-ExampleTests.debug.xcconfig */,
				AE39489DBA95B6A15832B39B /* Pods-ExampleTests.release.xcconfig */,
				02ACAAE5A3DEC85C08A15486 /* Pods-Example.testing.xcconfig */,
				D3A399E4C560D20F017AEB12 /* Pods-ExampleTests.testing.xcconfig */,
			);
			name = Pods;
			sourceTree = "<group>";
		};
		D4520D5B1B498EF61AB160E0 /* Frameworks */ = {
			isa = PBXGroup;
			children = (
				7A7DC48CE847EA2393FD1246 /* Pods_Example.framework */,
				97B9A04E4AC0BB2AC9476CA0 /* Pods_ExampleTests.framework */,
			);
			name = Frameworks;
			sourceTree = "<group>";
		};
/* End PBXGroup section */

/* Begin PBXNativeTarget section */
		30115AED1F8436310042D614 /* Example */ = {
			isa = PBXNativeTarget;
			buildConfigurationList = 30115B0B1F8436310042D614 /* Build configuration list for PBXNativeTarget "Example" */;
			buildPhases = (
				E9EDAE1DF0FFA98961A4393D /* [CP] Check Pods Manifest.lock */,
				30115AEA1F8436310042D614 /* Sources */,
				30115AEB1F8436310042D614 /* Frameworks */,
				30115AEC1F8436310042D614 /* Resources */,
				6846EBAC88DF9EEA270F25E0 /* [CP] Embed Pods Frameworks */,
				71419C566229A44399C256C1 /* [CP] Copy Pods Resources */,
			);
			buildRules = (
			);
			dependencies = (
			);
			name = Example;
			productName = Example;
			productReference = 30115AEE1F8436310042D614 /* Example.app */;
			productType = "com.apple.product-type.application";
		};
		30115B011F8436310042D614 /* ExampleTests */ = {
			isa = PBXNativeTarget;
			buildConfigurationList = 30115B0E1F8436310042D614 /* Build configuration list for PBXNativeTarget "ExampleTests" */;
			buildPhases = (
				CD1A8084F302368F04F81CFC /* [CP] Check Pods Manifest.lock */,
				30115AFE1F8436310042D614 /* Sources */,
				30115AFF1F8436310042D614 /* Frameworks */,
				30115B001F8436310042D614 /* Resources */,
				B88DB7559F4868863DCC6A64 /* [CP] Embed Pods Frameworks */,
				A729BB31EBFF15E9A9EEE30D /* [CP] Copy Pods Resources */,
			);
			buildRules = (
			);
			dependencies = (
				30115B041F8436310042D614 /* PBXTargetDependency */,
			);
			name = ExampleTests;
			productName = ExampleTests;
			productReference = 30115B021F8436310042D614 /* ExampleTests.xctest */;
			productType = "com.apple.product-type.bundle.unit-test";
		};
		3070C53D1F8EC92E00F97C17 /* ExampleUITests */ = {
			isa = PBXNativeTarget;
			buildConfigurationList = 3070C5471F8EC92E00F97C17 /* Build configuration list for PBXNativeTarget "ExampleUITests" */;
			buildPhases = (
				3070C53A1F8EC92E00F97C17 /* Sources */,
				3070C53B1F8EC92E00F97C17 /* Frameworks */,
				3070C53C1F8EC92E00F97C17 /* Resources */,
			);
			buildRules = (
			);
			dependencies = (
				3070C5441F8EC92E00F97C17 /* PBXTargetDependency */,
			);
			name = ExampleUITests;
			productName = ExampleUITests;
			productReference = 3070C53E1F8EC92E00F97C17 /* ExampleUITests.xctest */;
			productType = "com.apple.product-type.bundle.ui-testing";
		};
/* End PBXNativeTarget section */

/* Begin PBXProject section */
		30115AE61F8436310042D614 /* Project object */ = {
			isa = PBXProject;
			attributes = {
				LastSwiftUpdateCheck = 0900;
				LastUpgradeCheck = 0900;
				ORGANIZATIONNAME = "Richard Moult";
				TargetAttributes = {
					30115AED1F8436310042D614 = {
						CreatedOnToolsVersion = 9.0;
						ProvisioningStyle = Automatic;
					};
					30115B011F8436310042D614 = {
						CreatedOnToolsVersion = 9.0;
						ProvisioningStyle = Automatic;
						TestTargetID = 30115AED1F8436310042D614;
					};
					3070C53D1F8EC92E00F97C17 = {
						CreatedOnToolsVersion = 9.0;
						ProvisioningStyle = Automatic;
						TestTargetID = 30115AED1F8436310042D614;
					};
				};
			};
			buildConfigurationList = 30115AE91F8436310042D614 /* Build configuration list for PBXProject "Example" */;
			compatibilityVersion = "Xcode 8.0";
			developmentRegion = en;
			hasScannedForEncodings = 0;
			knownRegions = (
				en,
				Base,
			);
			mainGroup = 30115AE51F8436310042D614;
			productRefGroup = 30115AEF1F8436310042D614 /* Products */;
			projectDirPath = "";
			projectRoot = "";
			targets = (
				30115AED1F8436310042D614 /* Example */,
				30115B011F8436310042D614 /* ExampleTests */,
				3070C53D1F8EC92E00F97C17 /* ExampleUITests */,
			);
		};
/* End PBXProject section */

/* Begin PBXResourcesBuildPhase section */
		30115AEC1F8436310042D614 /* Resources */ = {
			isa = PBXResourcesBuildPhase;
			buildActionMask = 2147483647;
			files = (
				3081791B1F84F300001F44FD /* movies.json in Resources */,
				30115B121F84364A0042D614 /* info in Resources */,
				308179291F84FBCA001F44FD /* AssetCollectionViewCell.xib in Resources */,
				308179111F84EAA6001F44FD /* AssetCollectionViewController.xib in Resources */,
				30115AFC1F8436310042D614 /* LaunchScreen.storyboard in Resources */,
				30115AF91F8436310042D614 /* Assets.xcassets in Resources */,
				30115AF71F8436310042D614 /* Main.storyboard in Resources */,
			);
			runOnlyForDeploymentPostprocessing = 0;
		};
		30115B001F8436310042D614 /* Resources */ = {
			isa = PBXResourcesBuildPhase;
			buildActionMask = 2147483647;
			files = (
			);
			runOnlyForDeploymentPostprocessing = 0;
		};
		3070C53C1F8EC92E00F97C17 /* Resources */ = {
			isa = PBXResourcesBuildPhase;
			buildActionMask = 2147483647;
			files = (
			);
			runOnlyForDeploymentPostprocessing = 0;
		};
/* End PBXResourcesBuildPhase section */

/* Begin PBXShellScriptBuildPhase section */
		6846EBAC88DF9EEA270F25E0 /* [CP] Embed Pods Frameworks */ = {
			isa = PBXShellScriptBuildPhase;
			buildActionMask = 2147483647;
			files = (
			);
			inputPaths = (
				"${SRCROOT}/Pods/Target Support Files/Pods-Example/Pods-Example-frameworks.sh",
				"${BUILT_PRODUCTS_DIR}/MBProgressHUD/MBProgressHUD.framework",
				"${BUILT_PRODUCTS_DIR}/SDWebImage/SDWebImage.framework",
			);
			name = "[CP] Embed Pods Frameworks";
			outputPaths = (
				"${TARGET_BUILD_DIR}/${FRAMEWORKS_FOLDER_PATH}/MBProgressHUD.framework",
				"${TARGET_BUILD_DIR}/${FRAMEWORKS_FOLDER_PATH}/SDWebImage.framework",
			);
			runOnlyForDeploymentPostprocessing = 0;
			shellPath = /bin/sh;
			shellScript = "\"${SRCROOT}/Pods/Target Support Files/Pods-Example/Pods-Example-frameworks.sh\"\n";
			showEnvVarsInLog = 0;
		};
		71419C566229A44399C256C1 /* [CP] Copy Pods Resources */ = {
			isa = PBXShellScriptBuildPhase;
			buildActionMask = 2147483647;
			files = (
			);
			inputPaths = (
			);
			name = "[CP] Copy Pods Resources";
			outputPaths = (
			);
			runOnlyForDeploymentPostprocessing = 0;
			shellPath = /bin/sh;
			shellScript = "\"${SRCROOT}/Pods/Target Support Files/Pods-Example/Pods-Example-resources.sh\"\n";
			showEnvVarsInLog = 0;
		};
		A729BB31EBFF15E9A9EEE30D /* [CP] Copy Pods Resources */ = {
			isa = PBXShellScriptBuildPhase;
			buildActionMask = 2147483647;
			files = (
			);
			inputPaths = (
			);
			name = "[CP] Copy Pods Resources";
			outputPaths = (
			);
			runOnlyForDeploymentPostprocessing = 0;
			shellPath = /bin/sh;
			shellScript = "\"${SRCROOT}/Pods/Target Support Files/Pods-ExampleTests/Pods-ExampleTests-resources.sh\"\n";
			showEnvVarsInLog = 0;
		};
		B88DB7559F4868863DCC6A64 /* [CP] Embed Pods Frameworks */ = {
			isa = PBXShellScriptBuildPhase;
			buildActionMask = 2147483647;
			files = (
			);
			inputPaths = (
				"${SRCROOT}/Pods/Target Support Files/Pods-ExampleTests/Pods-ExampleTests-frameworks.sh",
				"${BUILT_PRODUCTS_DIR}/Nimble/Nimble.framework",
			);
			name = "[CP] Embed Pods Frameworks";
			outputPaths = (
				"${TARGET_BUILD_DIR}/${FRAMEWORKS_FOLDER_PATH}/Nimble.framework",
			);
			runOnlyForDeploymentPostprocessing = 0;
			shellPath = /bin/sh;
			shellScript = "\"${SRCROOT}/Pods/Target Support Files/Pods-ExampleTests/Pods-ExampleTests-frameworks.sh\"\n";
			showEnvVarsInLog = 0;
		};
		CD1A8084F302368F04F81CFC /* [CP] Check Pods Manifest.lock */ = {
			isa = PBXShellScriptBuildPhase;
			buildActionMask = 2147483647;
			files = (
			);
			inputPaths = (
				"${PODS_PODFILE_DIR_PATH}/Podfile.lock",
				"${PODS_ROOT}/Manifest.lock",
			);
			name = "[CP] Check Pods Manifest.lock";
			outputPaths = (
				"$(DERIVED_FILE_DIR)/Pods-ExampleTests-checkManifestLockResult.txt",
			);
			runOnlyForDeploymentPostprocessing = 0;
			shellPath = /bin/sh;
			shellScript = "diff \"${PODS_PODFILE_DIR_PATH}/Podfile.lock\" \"${PODS_ROOT}/Manifest.lock\" > /dev/null\nif [ $? != 0 ] ; then\n    # print error to STDERR\n    echo \"error: The sandbox is not in sync with the Podfile.lock. Run 'pod install' or update your CocoaPods installation.\" >&2\n    exit 1\nfi\n# This output is used by Xcode 'outputs' to avoid re-running this script phase.\necho \"SUCCESS\" > \"${SCRIPT_OUTPUT_FILE_0}\"\n";
			showEnvVarsInLog = 0;
		};
		E9EDAE1DF0FFA98961A4393D /* [CP] Check Pods Manifest.lock */ = {
			isa = PBXShellScriptBuildPhase;
			buildActionMask = 2147483647;
			files = (
			);
			inputPaths = (
				"${PODS_PODFILE_DIR_PATH}/Podfile.lock",
				"${PODS_ROOT}/Manifest.lock",
			);
			name = "[CP] Check Pods Manifest.lock";
			outputPaths = (
				"$(DERIVED_FILE_DIR)/Pods-Example-checkManifestLockResult.txt",
			);
			runOnlyForDeploymentPostprocessing = 0;
			shellPath = /bin/sh;
			shellScript = "diff \"${PODS_PODFILE_DIR_PATH}/Podfile.lock\" \"${PODS_ROOT}/Manifest.lock\" > /dev/null\nif [ $? != 0 ] ; then\n    # print error to STDERR\n    echo \"error: The sandbox is not in sync with the Podfile.lock. Run 'pod install' or update your CocoaPods installation.\" >&2\n    exit 1\nfi\n# This output is used by Xcode 'outputs' to avoid re-running this script phase.\necho \"SUCCESS\" > \"${SCRIPT_OUTPUT_FILE_0}\"\n";
			showEnvVarsInLog = 0;
		};
/* End PBXShellScriptBuildPhase section */

/* Begin PBXSourcesBuildPhase section */
		30115AEA1F8436310042D614 /* Sources */ = {
			isa = PBXSourcesBuildPhase;
			buildActionMask = 2147483647;
			files = (
				303AFCE71F8991770068018E /* CollectionViewConfigurable.swift in Sources */,
				303AFD011F8B23FB0068018E /* DataLoaderFactory.swift in Sources */,
				308179251F84F9DF001F44FD /* Array+Safe.swift in Sources */,
				30C954201F85DF97000ABE33 /* AnalyticsReporterFactory.swift in Sources */,
				308179281F84FBCA001F44FD /* AssetCollectionViewCell.swift in Sources */,
				30C954291F8635E4000ABE33 /* InformationAlert.swift in Sources */,
				303AFCE91F8996C00068018E /* BackendServiceFactory.swift in Sources */,
				30115B141F8438A50042D614 /* AppCoordinator.swift in Sources */,
				308179231F84F9AE001F44FD /* CollectionViewDataSource.swift in Sources */,
				30C954271F863466000ABE33 /* LoadingIndicator.swift in Sources */,
				30C954221F85DFDC000ABE33 /* MovieCollectionReporter.swift in Sources */,
				308179101F84EAA6001F44FD /* AssetCollectionViewController.swift in Sources */,
				30910C701F90159900440731 /* AssetDetailsViewController.swift in Sources */,
				308179211F84F979001F44FD /* CollectionRowSections.swift in Sources */,
				308179151F84EF2B001F44FD /* AssetDataLoader.swift in Sources */,
				3070C5371F8EBEF400F97C17 /* AppDispatching.swift in Sources */,
				3070C5531F8ECD9500F97C17 /* AccessibilityIdentifiers.swift in Sources */,
				308179191F84EFDD001F44FD /* AssetCollectionPresenter.swift in Sources */,
				308179131F84EE8F001F44FD /* DataLoader.swift in Sources */,
				3081792C1F850DF7001F44FD /* AppActions.swift in Sources */,
				3081791D1F84F3DC001F44FD /* AssetDataModel.swift in Sources */,
				30115B171F8438C20042D614 /* ViewControllerFactory.swift in Sources */,
				303AFD031F8B2BE50068018E /* AdobeAnalyticsReporter.swift in Sources */,
				30115AF41F8436310042D614 /* ViewController.swift in Sources */,
				30115AF21F8436310042D614 /* AppDelegate.swift in Sources */,
			);
			runOnlyForDeploymentPostprocessing = 0;
		};
		30115AFE1F8436310042D614 /* Sources */ = {
			isa = PBXSourcesBuildPhase;
			buildActionMask = 2147483647;
			files = (
				3066DD901F90AF1E002A70D7 /* AppCoordinatorTests.swift in Sources */,
				303AFCFF1F8B22550068018E /* StubAssetDataLoader.swift in Sources */,
				30E7621B1F8C223A00864D07 /* StubAssetCollectionPresenter.swift in Sources */,
				30E7621D1F8C226000864D07 /* StubInformationAlert.swift in Sources */,
				3070C5391F8EBFCB00F97C17 /* FakeAppDispatcher.swift in Sources */,
				30E762171F8C220000864D07 /* StubConfigureCollectionView.swift in Sources */,
				30E762191F8C222100864D07 /* StubAdobeAnalyticsReporter.swift in Sources */,
				303E94201F90D86F00AB92C9 /* StubBackendServiceFactory.swift in Sources */,
				30CD9EAF1F8DF97000C523A2 /* AssetCollectionPresenterTests.swift in Sources */,
				30E7621F1F8C228A00864D07 /* StubLoadingIndicator.swift in Sources */,
				303AFCE51F8990D90068018E /* AssetCollectionViewControllerTests.swift in Sources */,
			);
			runOnlyForDeploymentPostprocessing = 0;
		};
		3070C53A1F8EC92E00F97C17 /* Sources */ = {
			isa = PBXSourcesBuildPhase;
			buildActionMask = 2147483647;
			files = (
				3070C5511F8ECB7B00F97C17 /* AssetCollectionScreenObjectModel.swift in Sources */,
				3070C5411F8EC92E00F97C17 /* ExampleUITests.swift in Sources */,
				30910C6D1F9012E700440731 /* AssetDetailsScreenObjectModel.swift in Sources */,
				3070C5541F8ECDBC00F97C17 /* AccessibilityIdentifiers.swift in Sources */,
				3070C54E1F8ECA7500F97C17 /* ScreenObjectModel.swift in Sources */,
				3070C54A1F8ECA1900F97C17 /* UITestCase.swift in Sources */,
			);
			runOnlyForDeploymentPostprocessing = 0;
		};
/* End PBXSourcesBuildPhase section */

/* Begin PBXTargetDependency section */
		30115B041F8436310042D614 /* PBXTargetDependency */ = {
			isa = PBXTargetDependency;
			target = 30115AED1F8436310042D614 /* Example */;
			targetProxy = 30115B031F8436310042D614 /* PBXContainerItemProxy */;
		};
		3070C5441F8EC92E00F97C17 /* PBXTargetDependency */ = {
			isa = PBXTargetDependency;
			target = 30115AED1F8436310042D614 /* Example */;
			targetProxy = 3070C5431F8EC92E00F97C17 /* PBXContainerItemProxy */;
		};
/* End PBXTargetDependency section */

/* Begin PBXVariantGroup section */
		30115AF51F8436310042D614 /* Main.storyboard */ = {
			isa = PBXVariantGroup;
			children = (
				30115AF61F8436310042D614 /* Base */,
			);
			name = Main.storyboard;
			sourceTree = "<group>";
		};
		30115AFA1F8436310042D614 /* LaunchScreen.storyboard */ = {
			isa = PBXVariantGroup;
			children = (
				30115AFB1F8436310042D614 /* Base */,
			);
			name = LaunchScreen.storyboard;
			sourceTree = "<group>";
		};
/* End PBXVariantGroup section */

/* Begin XCBuildConfiguration section */
		30115B091F8436310042D614 /* Debug */ = {
			isa = XCBuildConfiguration;
			buildSettings = {
				ALWAYS_SEARCH_USER_PATHS = NO;
				CLANG_ANALYZER_NONNULL = YES;
				CLANG_ANALYZER_NUMBER_OBJECT_CONVERSION = YES_AGGRESSIVE;
				CLANG_CXX_LANGUAGE_STANDARD = "gnu++14";
				CLANG_CXX_LIBRARY = "libc++";
				CLANG_ENABLE_MODULES = YES;
				CLANG_ENABLE_OBJC_ARC = YES;
				CLANG_WARN_BLOCK_CAPTURE_AUTORELEASING = YES;
				CLANG_WARN_BOOL_CONVERSION = YES;
				CLANG_WARN_COMMA = YES;
				CLANG_WARN_CONSTANT_CONVERSION = YES;
				CLANG_WARN_DIRECT_OBJC_ISA_USAGE = YES_ERROR;
				CLANG_WARN_DOCUMENTATION_COMMENTS = YES;
				CLANG_WARN_EMPTY_BODY = YES;
				CLANG_WARN_ENUM_CONVERSION = YES;
				CLANG_WARN_INFINITE_RECURSION = YES;
				CLANG_WARN_INT_CONVERSION = YES;
				CLANG_WARN_NON_LITERAL_NULL_CONVERSION = YES;
				CLANG_WARN_OBJC_LITERAL_CONVERSION = YES;
				CLANG_WARN_OBJC_ROOT_CLASS = YES_ERROR;
				CLANG_WARN_RANGE_LOOP_ANALYSIS = YES;
				CLANG_WARN_STRICT_PROTOTYPES = YES;
				CLANG_WARN_SUSPICIOUS_MOVE = YES;
				CLANG_WARN_UNGUARDED_AVAILABILITY = YES_AGGRESSIVE;
				CLANG_WARN_UNREACHABLE_CODE = YES;
				CLANG_WARN__DUPLICATE_METHOD_MATCH = YES;
				CODE_SIGN_IDENTITY = "iPhone Developer";
				COPY_PHASE_STRIP = NO;
				DEBUG_INFORMATION_FORMAT = dwarf;
				ENABLE_STRICT_OBJC_MSGSEND = YES;
				ENABLE_TESTABILITY = YES;
				GCC_C_LANGUAGE_STANDARD = gnu11;
				GCC_DYNAMIC_NO_PIC = NO;
				GCC_NO_COMMON_BLOCKS = YES;
				GCC_OPTIMIZATION_LEVEL = 0;
				GCC_PREPROCESSOR_DEFINITIONS = (
					"DEBUG=1",
					"$(inherited)",
				);
				GCC_WARN_64_TO_32_BIT_CONVERSION = YES;
				GCC_WARN_ABOUT_RETURN_TYPE = YES_ERROR;
				GCC_WARN_UNDECLARED_SELECTOR = YES;
				GCC_WARN_UNINITIALIZED_AUTOS = YES_AGGRESSIVE;
				GCC_WARN_UNUSED_FUNCTION = YES;
				GCC_WARN_UNUSED_VARIABLE = YES;
				IPHONEOS_DEPLOYMENT_TARGET = 11.0;
				MTL_ENABLE_DEBUG_INFO = YES;
				ONLY_ACTIVE_ARCH = YES;
				SDKROOT = iphoneos;
				SWIFT_ACTIVE_COMPILATION_CONDITIONS = DEBUG;
				SWIFT_OPTIMIZATION_LEVEL = "-Onone";
			};
			name = Debug;
		};
		30115B0A1F8436310042D614 /* Release */ = {
			isa = XCBuildConfiguration;
			buildSettings = {
				ALWAYS_SEARCH_USER_PATHS = NO;
				CLANG_ANALYZER_NONNULL = YES;
				CLANG_ANALYZER_NUMBER_OBJECT_CONVERSION = YES_AGGRESSIVE;
				CLANG_CXX_LANGUAGE_STANDARD = "gnu++14";
				CLANG_CXX_LIBRARY = "libc++";
				CLANG_ENABLE_MODULES = YES;
				CLANG_ENABLE_OBJC_ARC = YES;
				CLANG_WARN_BLOCK_CAPTURE_AUTORELEASING = YES;
				CLANG_WARN_BOOL_CONVERSION = YES;
				CLANG_WARN_COMMA = YES;
				CLANG_WARN_CONSTANT_CONVERSION = YES;
				CLANG_WARN_DIRECT_OBJC_ISA_USAGE = YES_ERROR;
				CLANG_WARN_DOCUMENTATION_COMMENTS = YES;
				CLANG_WARN_EMPTY_BODY = YES;
				CLANG_WARN_ENUM_CONVERSION = YES;
				CLANG_WARN_INFINITE_RECURSION = YES;
				CLANG_WARN_INT_CONVERSION = YES;
				CLANG_WARN_NON_LITERAL_NULL_CONVERSION = YES;
				CLANG_WARN_OBJC_LITERAL_CONVERSION = YES;
				CLANG_WARN_OBJC_ROOT_CLASS = YES_ERROR;
				CLANG_WARN_RANGE_LOOP_ANALYSIS = YES;
				CLANG_WARN_STRICT_PROTOTYPES = YES;
				CLANG_WARN_SUSPICIOUS_MOVE = YES;
				CLANG_WARN_UNGUARDED_AVAILABILITY = YES_AGGRESSIVE;
				CLANG_WARN_UNREACHABLE_CODE = YES;
				CLANG_WARN__DUPLICATE_METHOD_MATCH = YES;
				CODE_SIGN_IDENTITY = "iPhone Developer";
				COPY_PHASE_STRIP = NO;
				DEBUG_INFORMATION_FORMAT = "dwarf-with-dsym";
				ENABLE_NS_ASSERTIONS = NO;
				ENABLE_STRICT_OBJC_MSGSEND = YES;
				GCC_C_LANGUAGE_STANDARD = gnu11;
				GCC_NO_COMMON_BLOCKS = YES;
				GCC_WARN_64_TO_32_BIT_CONVERSION = YES;
				GCC_WARN_ABOUT_RETURN_TYPE = YES_ERROR;
				GCC_WARN_UNDECLARED_SELECTOR = YES;
				GCC_WARN_UNINITIALIZED_AUTOS = YES_AGGRESSIVE;
				GCC_WARN_UNUSED_FUNCTION = YES;
				GCC_WARN_UNUSED_VARIABLE = YES;
				IPHONEOS_DEPLOYMENT_TARGET = 11.0;
				MTL_ENABLE_DEBUG_INFO = NO;
				SDKROOT = iphoneos;
				SWIFT_OPTIMIZATION_LEVEL = "-Owholemodule";
				VALIDATE_PRODUCT = YES;
			};
			name = Release;
		};
		30115B0C1F8436310042D614 /* Debug */ = {
			isa = XCBuildConfiguration;
			baseConfigurationReference = 66328599463B96ECFA56DBF6 /* Pods-Example.debug.xcconfig */;
			buildSettings = {
				ASSETCATALOG_COMPILER_APPICON_NAME = AppIcon;
				CODE_SIGN_STYLE = Automatic;
				INFOPLIST_FILE = Example/Info.plist;
				LD_RUNPATH_SEARCH_PATHS = "$(inherited) @executable_path/Frameworks";
				PRODUCT_BUNDLE_IDENTIFIER = com.trickysquirrel.Example;
				PRODUCT_NAME = "$(TARGET_NAME)";
				SWIFT_VERSION = 4.0;
				TARGETED_DEVICE_FAMILY = "1,2";
			};
			name = Debug;
		};
		30115B0D1F8436310042D614 /* Release */ = {
			isa = XCBuildConfiguration;
			baseConfigurationReference = B1799CD0EB825382A73F2D2E /* Pods-Example.release.xcconfig */;
			buildSettings = {
				ASSETCATALOG_COMPILER_APPICON_NAME = AppIcon;
				CODE_SIGN_STYLE = Automatic;
				INFOPLIST_FILE = Example/Info.plist;
				LD_RUNPATH_SEARCH_PATHS = "$(inherited) @executable_path/Frameworks";
				PRODUCT_BUNDLE_IDENTIFIER = com.trickysquirrel.Example;
				PRODUCT_NAME = "$(TARGET_NAME)";
				SWIFT_VERSION = 4.0;
				TARGETED_DEVICE_FAMILY = "1,2";
			};
			name = Release;
		};
		30115B0F1F8436310042D614 /* Debug */ = {
			isa = XCBuildConfiguration;
			baseConfigurationReference = 7D179CE1B45F2F6B630668B0 /* Pods-ExampleTests.debug.xcconfig */;
			buildSettings = {
				ALWAYS_EMBED_SWIFT_STANDARD_LIBRARIES = YES;
				BUNDLE_LOADER = "$(TEST_HOST)";
				CODE_SIGN_STYLE = Automatic;
				INFOPLIST_FILE = ExampleTests/Info.plist;
				LD_RUNPATH_SEARCH_PATHS = "$(inherited) @executable_path/Frameworks @loader_path/Frameworks";
				PRODUCT_BUNDLE_IDENTIFIER = com.trickysquirrel.ExampleTests;
				PRODUCT_NAME = "$(TARGET_NAME)";
				SWIFT_VERSION = 4.0;
				TARGETED_DEVICE_FAMILY = "1,2";
				TEST_HOST = "$(BUILT_PRODUCTS_DIR)/Example.app/Example";
			};
			name = Debug;
		};
		30115B101F8436310042D614 /* Release */ = {
			isa = XCBuildConfiguration;
			baseConfigurationReference = AE39489DBA95B6A15832B39B /* Pods-ExampleTests.release.xcconfig */;
			buildSettings = {
				ALWAYS_EMBED_SWIFT_STANDARD_LIBRARIES = YES;
				BUNDLE_LOADER = "$(TEST_HOST)";
				CODE_SIGN_STYLE = Automatic;
				INFOPLIST_FILE = ExampleTests/Info.plist;
				LD_RUNPATH_SEARCH_PATHS = "$(inherited) @executable_path/Frameworks @loader_path/Frameworks";
				PRODUCT_BUNDLE_IDENTIFIER = com.trickysquirrel.ExampleTests;
				PRODUCT_NAME = "$(TARGET_NAME)";
				SWIFT_VERSION = 4.0;
				TARGETED_DEVICE_FAMILY = "1,2";
				TEST_HOST = "$(BUILT_PRODUCTS_DIR)/Example.app/Example";
			};
			name = Release;
		};
		306264F61F92B23C0009A25C /* Testing */ = {
			isa = XCBuildConfiguration;
			buildSettings = {
				ALWAYS_SEARCH_USER_PATHS = NO;
				CLANG_ANALYZER_NONNULL = YES;
				CLANG_ANALYZER_NUMBER_OBJECT_CONVERSION = YES_AGGRESSIVE;
				CLANG_CXX_LANGUAGE_STANDARD = "gnu++14";
				CLANG_CXX_LIBRARY = "libc++";
				CLANG_ENABLE_MODULES = YES;
				CLANG_ENABLE_OBJC_ARC = YES;
				CLANG_WARN_BLOCK_CAPTURE_AUTORELEASING = YES;
				CLANG_WARN_BOOL_CONVERSION = YES;
				CLANG_WARN_COMMA = YES;
				CLANG_WARN_CONSTANT_CONVERSION = YES;
				CLANG_WARN_DIRECT_OBJC_ISA_USAGE = YES_ERROR;
				CLANG_WARN_DOCUMENTATION_COMMENTS = YES;
				CLANG_WARN_EMPTY_BODY = YES;
				CLANG_WARN_ENUM_CONVERSION = YES;
				CLANG_WARN_INFINITE_RECURSION = YES;
				CLANG_WARN_INT_CONVERSION = YES;
				CLANG_WARN_NON_LITERAL_NULL_CONVERSION = YES;
				CLANG_WARN_OBJC_LITERAL_CONVERSION = YES;
				CLANG_WARN_OBJC_ROOT_CLASS = YES_ERROR;
				CLANG_WARN_RANGE_LOOP_ANALYSIS = YES;
				CLANG_WARN_STRICT_PROTOTYPES = YES;
				CLANG_WARN_SUSPICIOUS_MOVE = YES;
				CLANG_WARN_UNGUARDED_AVAILABILITY = YES_AGGRESSIVE;
				CLANG_WARN_UNREACHABLE_CODE = YES;
				CLANG_WARN__DUPLICATE_METHOD_MATCH = YES;
				CODE_SIGN_IDENTITY = "iPhone Developer";
				COPY_PHASE_STRIP = NO;
				DEBUG_INFORMATION_FORMAT = dwarf;
				ENABLE_STRICT_OBJC_MSGSEND = YES;
				ENABLE_TESTABILITY = YES;
				GCC_C_LANGUAGE_STANDARD = gnu11;
				GCC_DYNAMIC_NO_PIC = NO;
				GCC_NO_COMMON_BLOCKS = YES;
				GCC_OPTIMIZATION_LEVEL = 0;
				GCC_PREPROCESSOR_DEFINITIONS = (
					"DEBUG=1",
					"$(inherited)",
				);
				GCC_WARN_64_TO_32_BIT_CONVERSION = YES;
				GCC_WARN_ABOUT_RETURN_TYPE = YES_ERROR;
				GCC_WARN_UNDECLARED_SELECTOR = YES;
				GCC_WARN_UNINITIALIZED_AUTOS = YES_AGGRESSIVE;
				GCC_WARN_UNUSED_FUNCTION = YES;
				GCC_WARN_UNUSED_VARIABLE = YES;
				IPHONEOS_DEPLOYMENT_TARGET = 11.0;
				MTL_ENABLE_DEBUG_INFO = YES;
				ONLY_ACTIVE_ARCH = YES;
				SDKROOT = iphoneos;
				SWIFT_ACTIVE_COMPILATION_CONDITIONS = DEBUG;
				SWIFT_OPTIMIZATION_LEVEL = "-Onone";
			};
			name = Testing;
		};
		306264F71F92B23C0009A25C /* Testing */ = {
			isa = XCBuildConfiguration;
			baseConfigurationReference = 02ACAAE5A3DEC85C08A15486 /* Pods-Example.testing.xcconfig */;
			buildSettings = {
				ASSETCATALOG_COMPILER_APPICON_NAME = AppIcon;
				CODE_SIGN_STYLE = Automatic;
				INFOPLIST_FILE = Example/Info.plist;
				LD_RUNPATH_SEARCH_PATHS = "$(inherited) @executable_path/Frameworks";
				OTHER_SWIFT_FLAGS = "-DTEST_TARGET";
				PRODUCT_BUNDLE_IDENTIFIER = com.trickysquirrel.Example;
				PRODUCT_NAME = "$(TARGET_NAME)";
				SWIFT_VERSION = 4.0;
				TARGETED_DEVICE_FAMILY = "1,2";
			};
			name = Testing;
		};
		306264F81F92B23C0009A25C /* Testing */ = {
			isa = XCBuildConfiguration;
			baseConfigurationReference = D3A399E4C560D20F017AEB12 /* Pods-ExampleTests.testing.xcconfig */;
			buildSettings = {
				ALWAYS_EMBED_SWIFT_STANDARD_LIBRARIES = YES;
				BUNDLE_LOADER = "$(TEST_HOST)";
				CODE_SIGN_STYLE = Automatic;
				INFOPLIST_FILE = ExampleTests/Info.plist;
				LD_RUNPATH_SEARCH_PATHS = "$(inherited) @executable_path/Frameworks @loader_path/Frameworks";
				PRODUCT_BUNDLE_IDENTIFIER = com.trickysquirrel.ExampleTests;
				PRODUCT_NAME = "$(TARGET_NAME)";
				SWIFT_VERSION = 4.0;
				TARGETED_DEVICE_FAMILY = "1,2";
				TEST_HOST = "$(BUILT_PRODUCTS_DIR)/Example.app/Example";
			};
			name = Testing;
		};
		306264F91F92B23C0009A25C /* Testing */ = {
			isa = XCBuildConfiguration;
			buildSettings = {
				CODE_SIGN_STYLE = Automatic;
				INFOPLIST_FILE = ExampleUITests/Info.plist;
				LD_RUNPATH_SEARCH_PATHS = "$(inherited) @executable_path/Frameworks @loader_path/Frameworks";
				PRODUCT_BUNDLE_IDENTIFIER = com.trickysquirrel.ExampleUITests;
				PRODUCT_NAME = "$(TARGET_NAME)";
				SWIFT_VERSION = 4.0;
				TARGETED_DEVICE_FAMILY = "1,2";
				TEST_TARGET_NAME = Example;
			};
			name = Testing;
		};
		3070C5451F8EC92E00F97C17 /* Debug */ = {
			isa = XCBuildConfiguration;
			buildSettings = {
				CODE_SIGN_STYLE = Automatic;
				INFOPLIST_FILE = ExampleUITests/Info.plist;
				LD_RUNPATH_SEARCH_PATHS = "$(inherited) @executable_path/Frameworks @loader_path/Frameworks";
				PRODUCT_BUNDLE_IDENTIFIER = com.trickysquirrel.ExampleUITests;
				PRODUCT_NAME = "$(TARGET_NAME)";
				SWIFT_VERSION = 4.0;
				TARGETED_DEVICE_FAMILY = "1,2";
				TEST_TARGET_NAME = Example;
			};
			name = Debug;
		};
		3070C5461F8EC92E00F97C17 /* Release */ = {
			isa = XCBuildConfiguration;
			buildSettings = {
				CODE_SIGN_STYLE = Automatic;
				INFOPLIST_FILE = ExampleUITests/Info.plist;
				LD_RUNPATH_SEARCH_PATHS = "$(inherited) @executable_path/Frameworks @loader_path/Frameworks";
				PRODUCT_BUNDLE_IDENTIFIER = com.trickysquirrel.ExampleUITests;
				PRODUCT_NAME = "$(TARGET_NAME)";
				SWIFT_VERSION = 4.0;
				TARGETED_DEVICE_FAMILY = "1,2";
				TEST_TARGET_NAME = Example;
			};
			name = Release;
		};
/* End XCBuildConfiguration section */

/* Begin XCConfigurationList section */
		30115AE91F8436310042D614 /* Build configuration list for PBXProject "Example" */ = {
			isa = XCConfigurationList;
			buildConfigurations = (
				30115B091F8436310042D614 /* Debug */,
				306264F61F92B23C0009A25C /* Testing */,
				30115B0A1F8436310042D614 /* Release */,
			);
			defaultConfigurationIsVisible = 0;
			defaultConfigurationName = Release;
		};
		30115B0B1F8436310042D614 /* Build configuration list for PBXNativeTarget "Example" */ = {
			isa = XCConfigurationList;
			buildConfigurations = (
				30115B0C1F8436310042D614 /* Debug */,
				306264F71F92B23C0009A25C /* Testing */,
				30115B0D1F8436310042D614 /* Release */,
			);
			defaultConfigurationIsVisible = 0;
			defaultConfigurationName = Release;
		};
		30115B0E1F8436310042D614 /* Build configuration list for PBXNativeTarget "ExampleTests" */ = {
			isa = XCConfigurationList;
			buildConfigurations = (
				30115B0F1F8436310042D614 /* Debug */,
				306264F81F92B23C0009A25C /* Testing */,
				30115B101F8436310042D614 /* Release */,
			);
			defaultConfigurationIsVisible = 0;
			defaultConfigurationName = Release;
		};
		3070C5471F8EC92E00F97C17 /* Build configuration list for PBXNativeTarget "ExampleUITests" */ = {
			isa = XCConfigurationList;
			buildConfigurations = (
				3070C5451F8EC92E00F97C17 /* Debug */,
				306264F91F92B23C0009A25C /* Testing */,
				3070C5461F8EC92E00F97C17 /* Release */,
			);
			defaultConfigurationIsVisible = 0;
			defaultConfigurationName = Release;
		};
/* End XCConfigurationList section */
	};
	rootObject = 30115AE61F8436310042D614 /* Project object */;
}
